
Microsoft Visual Studio Solution File, Format Version 12.00
# Visual Studio Version 17
VisualStudioVersion = 17.14.36414.22
MinimumVisualStudioVersion = 10.0.40219.1
Project("{FAE04EC0-301F-11D3-BF4B-00C04F79EFBC}") = "CustomerVehicleService.API", "CustomerVehicleService.API\CustomerVehicleService.API.csproj", "{67A5F9DD-06A7-43AD-8DB0-75277408EB7F}"
EndProject
Project("{FAE04EC0-301F-11D3-BF4B-00C04F79EFBC}") = "CustomerVehicleService.Domain", "CustomerVehicleService.Domain\CustomerVehicleService.Domain.csproj", "{D44D7DFC-7736-415D-AC5B-CBBD74046A63}"
EndProject
Project("{FAE04EC0-301F-11D3-BF4B-00C04F79EFBC}") = "CustomerVehicleService.Application", "CustomerVehicleService.Application\CustomerVehicleService.Application.csproj", "{01757870-BA25-449D-9AC6-C9129FF1A3A8}"
EndProject
Project("{FAE04EC0-301F-11D3-BF4B-00C04F79EFBC}") = "CustomerVehicleService.Infrastructure", "CustomerVehicleService.Infrastructure\CustomerVehicleService.Infrastructure.csproj", "{EC8FC10B-31EE-428A-A37B-FCF29E576A73}"
EndProject
Project("{FAE04EC0-301F-11D3-BF4B-00C04F79EFBC}") = "test", "test\test.csproj", "{91C86589-62B2-48EF-AA9B-1D3BB9697A68}"
EndProject
Global
	GlobalSection(SolutionConfigurationPlatforms) = preSolution
		Debug|Any CPU = Debug|Any CPU
		Release|Any CPU = Release|Any CPU
	EndGlobalSection
	GlobalSection(ProjectConfigurationPlatforms) = postSolution
		{67A5F9DD-06A7-43AD-8DB0-75277408EB7F}.Debug|Any CPU.ActiveCfg = Debug|Any CPU
		{67A5F9DD-06A7-43AD-8DB0-75277408EB7F}.Debug|Any CPU.Build.0 = Debug|Any CPU
		{67A5F9DD-06A7-43AD-8DB0-75277408EB7F}.Release|Any CPU.ActiveCfg = Release|Any CPU
		{67A5F9DD-06A7-43AD-8DB0-75277408EB7F}.Release|Any CPU.Build.0 = Release|Any CPU
		{D44D7DFC-7736-415D-AC5B-CBBD74046A63}.Debug|Any CPU.ActiveCfg = Debug|Any CPU
		{D44D7DFC-7736-415D-AC5B-CBBD74046A63}.Debug|Any CPU.Build.0 = Debug|Any CPU
		{D44D7DFC-7736-415D-AC5B-CBBD74046A63}.Release|Any CPU.ActiveCfg = Release|Any CPU
		{D44D7DFC-7736-415D-AC5B-CBBD74046A63}.Release|Any CPU.Build.0 = Release|Any CPU
		{01757870-BA25-449D-9AC6-C9129FF1A3A8}.Debug|Any CPU.ActiveCfg = Debug|Any CPU
		{01757870-BA25-449D-9AC6-C9129FF1A3A8}.Debug|Any CPU.Build.0 = Debug|Any CPU
		{01757870-BA25-449D-9AC6-C9129FF1A3A8}.Release|Any CPU.ActiveCfg = Release|Any CPU
		{01757870-BA25-449D-9AC6-C9129FF1A3A8}.Release|Any CPU.Build.0 = Release|Any CPU
		{EC8FC10B-31EE-428A-A37B-FCF29E576A73}.Debug|Any CPU.ActiveCfg = Debug|Any CPU
		{EC8FC10B-31EE-428A-A37B-FCF29E576A73}.Debug|Any CPU.Build.0 = Debug|Any CPU
		{EC8FC10B-31EE-428A-A37B-FCF29E576A73}.Release|Any CPU.ActiveCfg = Release|Any CPU
		{EC8FC10B-31EE-428A-A37B-FCF29E576A73}.Release|Any CPU.Build.0 = Release|Any CPU
		{91C86589-62B2-48EF-AA9B-1D3BB9697A68}.Debug|Any CPU.ActiveCfg = Debug|Any CPU
		{91C86589-62B2-48EF-AA9B-1D3BB9697A68}.Debug|Any CPU.Build.0 = Debug|Any CPU
		{91C86589-62B2-48EF-AA9B-1D3BB9697A68}.Release|Any CPU.ActiveCfg = Release|Any CPU
		{91C86589-62B2-48EF-AA9B-1D3BB9697A68}.Release|Any CPU.Build.0 = Release|Any CPU
	EndGlobalSection
	GlobalSection(SolutionProperties) = preSolution
		HideSolutionNode = FALSE
	EndGlobalSection
	GlobalSection(ExtensibilityGlobals) = postSolution
		SolutionGuid = {ABCDC188-FDE3-409B-9E69-87794B60E3D3}
	EndGlobalSection
EndGlobal
